{
  "version": 4,
  "terraform_version": "1.2.4",
  "serial": 66,
  "lineage": "1fe64f74-7f83-8095-c635-17f308d79f15",
  "outputs": {},
  "resources": [
    {
      "module": "module.vpc-module",
      "mode": "managed",
      "type": "aws_eip",
      "name": "nat_eip",
      "provider": "module.vpc-module.provider[\"registry.terraform.io/hashicorp/aws\"]",
      "instances": [
        {
          "schema_version": 0,
          "attributes": {
            "address": null,
            "allocation_id": "eipalloc-0d034d219306351cd",
            "associate_with_private_ip": null,
            "association_id": "",
            "carrier_ip": "",
            "customer_owned_ip": "",
            "customer_owned_ipv4_pool": "",
            "domain": "vpc",
            "id": "eipalloc-0d034d219306351cd",
            "instance": "",
            "network_border_group": "us-east-1",
            "network_interface": "",
            "private_dns": null,
            "private_ip": "",
            "public_dns": "ec2-44-208-157-224.compute-1.amazonaws.com",
            "public_ip": "44.208.157.224",
            "public_ipv4_pool": "amazon",
            "tags": null,
            "tags_all": {},
            "timeouts": null,
            "vpc": true
          },
          "sensitive_attributes": [],
          "private": "eyJlMmJmYjczMC1lY2FhLTExZTYtOGY4OC0zNDM2M2JjN2M0YzAiOnsiZGVsZXRlIjoxODAwMDAwMDAwMDAsInJlYWQiOjkwMDAwMDAwMDAwMCwidXBkYXRlIjozMDAwMDAwMDAwMDB9fQ==",
          "dependencies": [
            "module.vpc-module.aws_internet_gateway.igw",
            "module.vpc-module.aws_vpc.vpc"
          ]
        }
      ]
    },
    {
      "module": "module.vpc-module",
      "mode": "managed",
      "type": "aws_internet_gateway",
      "name": "igw",
      "provider": "module.vpc-module.provider[\"registry.terraform.io/hashicorp/aws\"]",
      "instances": [
        {
          "schema_version": 0,
          "attributes": {
            "arn": "arn:aws:ec2:us-east-1:826664998433:internet-gateway/igw-0d80ef861feba3d22",
            "id": "igw-0d80ef861feba3d22",
            "owner_id": "826664998433",
            "tags": {
              "Name": "myVPC-igw"
            },
            "tags_all": {
              "Name": "myVPC-igw"
            },
            "vpc_id": "vpc-04b5775cafb112ecd"
          },
          "sensitive_attributes": [],
          "private": "bnVsbA==",
          "dependencies": [
            "module.vpc-module.aws_vpc.vpc"
          ]
        }
      ]
    },
    {
      "module": "module.vpc-module",
      "mode": "managed",
      "type": "aws_nat_gateway",
      "name": "nat",
      "provider": "module.vpc-module.provider[\"registry.terraform.io/hashicorp/aws\"]",
      "instances": [
        {
          "schema_version": 0,
          "attributes": {
            "allocation_id": "eipalloc-0d034d219306351cd",
            "connectivity_type": "public",
            "id": "nat-077dba24bd5485c68",
            "network_interface_id": "eni-0c0621a62143a9273",
            "private_ip": "10.0.7.209",
            "public_ip": "44.208.157.224",
            "subnet_id": "subnet-022957739efc8bc81",
            "tags": {
              "Name": "myVPC-nat"
            },
            "tags_all": {
              "Name": "myVPC-nat"
            }
          },
          "sensitive_attributes": [],
          "private": "bnVsbA==",
          "dependencies": [
            "module.vpc-module.aws_eip.nat_eip",
            "module.vpc-module.aws_internet_gateway.igw",
            "module.vpc-module.aws_subnet.public_subnet",
            "module.vpc-module.aws_vpc.vpc"
          ]
        }
      ]
    },
    {
      "module": "module.vpc-module",
      "mode": "managed",
      "type": "aws_route",
      "name": "private_nat_gateway",
      "provider": "module.vpc-module.provider[\"registry.terraform.io/hashicorp/aws\"]",
      "instances": [
        {
          "schema_version": 0,
          "attributes": {
            "carrier_gateway_id": "",
            "destination_cidr_block": "0.0.0.0/0",
            "destination_ipv6_cidr_block": "",
            "destination_prefix_list_id": "",
            "egress_only_gateway_id": "",
            "gateway_id": "",
            "id": "r-rtb-0b898da8ea86bb2f61080289494",
            "instance_id": "",
            "instance_owner_id": "",
            "local_gateway_id": "",
            "nat_gateway_id": "nat-077dba24bd5485c68",
            "network_interface_id": "",
            "origin": "CreateRoute",
            "route_table_id": "rtb-0b898da8ea86bb2f6",
            "state": "active",
            "timeouts": null,
            "transit_gateway_id": "",
            "vpc_endpoint_id": "",
            "vpc_peering_connection_id": ""
          },
          "sensitive_attributes": [],
          "private": "eyJlMmJmYjczMC1lY2FhLTExZTYtOGY4OC0zNDM2M2JjN2M0YzAiOnsiY3JlYXRlIjozMDAwMDAwMDAwMDAsImRlbGV0ZSI6MzAwMDAwMDAwMDAwLCJ1cGRhdGUiOjEyMDAwMDAwMDAwMH19",
          "dependencies": [
            "module.vpc-module.aws_eip.nat_eip",
            "module.vpc-module.aws_internet_gateway.igw",
            "module.vpc-module.aws_nat_gateway.nat",
            "module.vpc-module.aws_route_table.private",
            "module.vpc-module.aws_subnet.public_subnet",
            "module.vpc-module.aws_vpc.vpc"
          ]
        }
      ]
    },
    {
      "module": "module.vpc-module",
      "mode": "managed",
      "type": "aws_route",
      "name": "public_internet_gateway",
      "provider": "module.vpc-module.provider[\"registry.terraform.io/hashicorp/aws\"]",
      "instances": [
        {
          "schema_version": 0,
          "attributes": {
            "carrier_gateway_id": "",
            "destination_cidr_block": "0.0.0.0/0",
            "destination_ipv6_cidr_block": "",
            "destination_prefix_list_id": "",
            "egress_only_gateway_id": "",
            "gateway_id": "igw-0d80ef861feba3d22",
            "id": "r-rtb-0f138e750f386d9ee1080289494",
            "instance_id": "",
            "instance_owner_id": "",
            "local_gateway_id": "",
            "nat_gateway_id": "",
            "network_interface_id": "",
            "origin": "CreateRoute",
            "route_table_id": "rtb-0f138e750f386d9ee",
            "state": "active",
            "timeouts": null,
            "transit_gateway_id": "",
            "vpc_endpoint_id": "",
            "vpc_peering_connection_id": ""
          },
          "sensitive_attributes": [],
          "private": "eyJlMmJmYjczMC1lY2FhLTExZTYtOGY4OC0zNDM2M2JjN2M0YzAiOnsiY3JlYXRlIjozMDAwMDAwMDAwMDAsImRlbGV0ZSI6MzAwMDAwMDAwMDAwLCJ1cGRhdGUiOjEyMDAwMDAwMDAwMH19",
          "dependencies": [
            "module.vpc-module.aws_internet_gateway.igw",
            "module.vpc-module.aws_route_table.public",
            "module.vpc-module.aws_vpc.vpc"
          ]
        }
      ]
    },
    {
      "module": "module.vpc-module",
      "mode": "managed",
      "type": "aws_route_table",
      "name": "private",
      "provider": "module.vpc-module.provider[\"registry.terraform.io/hashicorp/aws\"]",
      "instances": [
        {
          "schema_version": 0,
          "attributes": {
            "arn": "arn:aws:ec2:us-east-1:826664998433:route-table/rtb-0b898da8ea86bb2f6",
            "id": "rtb-0b898da8ea86bb2f6",
            "owner_id": "826664998433",
            "propagating_vgws": [],
            "route": [],
            "tags": {
              "Name": "myVPC-private-route-table"
            },
            "tags_all": {
              "Name": "myVPC-private-route-table"
            },
            "timeouts": null,
            "vpc_id": "vpc-04b5775cafb112ecd"
          },
          "sensitive_attributes": [],
          "private": "eyJlMmJmYjczMC1lY2FhLTExZTYtOGY4OC0zNDM2M2JjN2M0YzAiOnsiY3JlYXRlIjozMDAwMDAwMDAwMDAsImRlbGV0ZSI6MzAwMDAwMDAwMDAwLCJ1cGRhdGUiOjEyMDAwMDAwMDAwMH19",
          "dependencies": [
            "module.vpc-module.aws_vpc.vpc"
          ]
        }
      ]
    },
    {
      "module": "module.vpc-module",
      "mode": "managed",
      "type": "aws_route_table",
      "name": "public",
      "provider": "module.vpc-module.provider[\"registry.terraform.io/hashicorp/aws\"]",
      "instances": [
        {
          "schema_version": 0,
          "attributes": {
            "arn": "arn:aws:ec2:us-east-1:826664998433:route-table/rtb-0f138e750f386d9ee",
            "id": "rtb-0f138e750f386d9ee",
            "owner_id": "826664998433",
            "propagating_vgws": [],
            "route": [],
            "tags": {
              "Name": "myVPC-public-route-table"
            },
            "tags_all": {
              "Name": "myVPC-public-route-table"
            },
            "timeouts": null,
            "vpc_id": "vpc-04b5775cafb112ecd"
          },
          "sensitive_attributes": [],
          "private": "eyJlMmJmYjczMC1lY2FhLTExZTYtOGY4OC0zNDM2M2JjN2M0YzAiOnsiY3JlYXRlIjozMDAwMDAwMDAwMDAsImRlbGV0ZSI6MzAwMDAwMDAwMDAwLCJ1cGRhdGUiOjEyMDAwMDAwMDAwMH19",
          "dependencies": [
            "module.vpc-module.aws_vpc.vpc"
          ]
        }
      ]
    },
    {
      "module": "module.vpc-module",
      "mode": "managed",
      "type": "aws_route_table_association",
      "name": "private",
      "provider": "module.vpc-module.provider[\"registry.terraform.io/hashicorp/aws\"]",
      "instances": [
        {
          "index_key": 0,
          "schema_version": 0,
          "attributes": {
            "gateway_id": "",
            "id": "rtbassoc-02f0e079a8a6eec4b",
            "route_table_id": "rtb-0b898da8ea86bb2f6",
            "subnet_id": "subnet-020443e7c09db9d8a"
          },
          "sensitive_attributes": [],
          "private": "bnVsbA==",
          "dependencies": [
            "module.vpc-module.aws_route_table.private",
            "module.vpc-module.aws_subnet.private_subnet",
            "module.vpc-module.aws_vpc.vpc"
          ]
        },
        {
          "index_key": 1,
          "schema_version": 0,
          "attributes": {
            "gateway_id": "",
            "id": "rtbassoc-00654fe0dd8ca9b06",
            "route_table_id": "rtb-0b898da8ea86bb2f6",
            "subnet_id": "subnet-039e5d609f9e8feee"
          },
          "sensitive_attributes": [],
          "private": "bnVsbA==",
          "dependencies": [
            "module.vpc-module.aws_route_table.private",
            "module.vpc-module.aws_subnet.private_subnet",
            "module.vpc-module.aws_vpc.vpc"
          ]
        },
        {
          "index_key": 2,
          "schema_version": 0,
          "attributes": {
            "gateway_id": "",
            "id": "rtbassoc-06458088b9c3a5761",
            "route_table_id": "rtb-0b898da8ea86bb2f6",
            "subnet_id": "subnet-08d8e66f2ba6eca21"
          },
          "sensitive_attributes": [],
          "private": "bnVsbA==",
          "dependencies": [
            "module.vpc-module.aws_route_table.private",
            "module.vpc-module.aws_subnet.private_subnet",
            "module.vpc-module.aws_vpc.vpc"
          ]
        }
      ]
    },
    {
      "module": "module.vpc-module",
      "mode": "managed",
      "type": "aws_route_table_association",
      "name": "public",
      "provider": "module.vpc-module.provider[\"registry.terraform.io/hashicorp/aws\"]",
      "instances": [
        {
          "index_key": 0,
          "schema_version": 0,
          "attributes": {
            "gateway_id": "",
            "id": "rtbassoc-0cb06661c5cd530c4",
            "route_table_id": "rtb-0f138e750f386d9ee",
            "subnet_id": "subnet-022957739efc8bc81"
          },
          "sensitive_attributes": [],
          "private": "bnVsbA==",
          "dependencies": [
            "module.vpc-module.aws_route_table.public",
            "module.vpc-module.aws_subnet.public_subnet",
            "module.vpc-module.aws_vpc.vpc"
          ]
        },
        {
          "index_key": 1,
          "schema_version": 0,
          "attributes": {
            "gateway_id": "",
            "id": "rtbassoc-0488681aec295ad49",
            "route_table_id": "rtb-0f138e750f386d9ee",
            "subnet_id": "subnet-0a039cf38f77f5231"
          },
          "sensitive_attributes": [],
          "private": "bnVsbA==",
          "dependencies": [
            "module.vpc-module.aws_route_table.public",
            "module.vpc-module.aws_subnet.public_subnet",
            "module.vpc-module.aws_vpc.vpc"
          ]
        },
        {
          "index_key": 2,
          "schema_version": 0,
          "attributes": {
            "gateway_id": "",
            "id": "rtbassoc-083f28072955d2924",
            "route_table_id": "rtb-0f138e750f386d9ee",
            "subnet_id": "subnet-0ec00487bf5554cca"
          },
          "sensitive_attributes": [],
          "private": "bnVsbA==",
          "dependencies": [
            "module.vpc-module.aws_route_table.public",
            "module.vpc-module.aws_subnet.public_subnet",
            "module.vpc-module.aws_vpc.vpc"
          ]
        }
      ]
    },
    {
      "module": "module.vpc-module",
      "mode": "managed",
      "type": "aws_security_group",
      "name": "default",
      "provider": "module.vpc-module.provider[\"registry.terraform.io/hashicorp/aws\"]",
      "instances": [
        {
          "schema_version": 1,
          "attributes": {
            "arn": "arn:aws:ec2:us-east-1:826664998433:security-group/sg-0839db94c3843af53",
            "description": "Default SG to alllow traffic from the VPC",
            "egress": [
              {
                "cidr_blocks": [],
                "description": "",
                "from_port": 0,
                "ipv6_cidr_blocks": [],
                "prefix_list_ids": [],
                "protocol": "-1",
                "security_groups": [],
                "self": true,
                "to_port": 0
              }
            ],
            "id": "sg-0839db94c3843af53",
            "ingress": [
              {
                "cidr_blocks": [],
                "description": "",
                "from_port": 22,
                "ipv6_cidr_blocks": [],
                "prefix_list_ids": [],
                "protocol": "tcp",
                "security_groups": [],
                "self": true,
                "to_port": 22
              }
            ],
            "name": "myVPC-default-sg",
            "name_prefix": "",
            "owner_id": "826664998433",
            "revoke_rules_on_delete": false,
            "tags": {
              "Name": "myVPC-default-sg"
            },
            "tags_all": {
              "Name": "myVPC-default-sg"
            },
            "timeouts": null,
            "vpc_id": "vpc-04b5775cafb112ecd"
          },
          "sensitive_attributes": [],
          "private": "eyJlMmJmYjczMC1lY2FhLTExZTYtOGY4OC0zNDM2M2JjN2M0YzAiOnsiY3JlYXRlIjo2MDAwMDAwMDAwMDAsImRlbGV0ZSI6OTAwMDAwMDAwMDAwfSwic2NoZW1hX3ZlcnNpb24iOiIxIn0=",
          "dependencies": [
            "module.vpc-module.aws_vpc.vpc"
          ]
        }
      ]
    },
    {
      "module": "module.vpc-module",
      "mode": "managed",
      "type": "aws_subnet",
      "name": "private_subnet",
      "provider": "module.vpc-module.provider[\"registry.terraform.io/hashicorp/aws\"]",
      "instances": [
        {
          "index_key": 0,
          "schema_version": 1,
          "attributes": {
            "arn": "arn:aws:ec2:us-east-1:826664998433:subnet/subnet-020443e7c09db9d8a",
            "assign_ipv6_address_on_creation": false,
            "availability_zone": "us-east-1a",
            "availability_zone_id": "use1-az6",
            "cidr_block": "10.0.128.0/20",
            "customer_owned_ipv4_pool": "",
            "enable_dns64": false,
            "enable_resource_name_dns_a_record_on_launch": false,
            "enable_resource_name_dns_aaaa_record_on_launch": false,
            "id": "subnet-020443e7c09db9d8a",
            "ipv6_cidr_block": "",
            "ipv6_cidr_block_association_id": "",
            "ipv6_native": false,
            "map_customer_owned_ip_on_launch": false,
            "map_public_ip_on_launch": false,
            "outpost_arn": "",
            "owner_id": "826664998433",
            "private_dns_hostname_type_on_launch": "ip-name",
            "tags": {
              "Name": "us-east-1a-private-subnet+1"
            },
            "tags_all": {
              "Name": "us-east-1a-private-subnet+1"
            },
            "timeouts": null,
            "vpc_id": "vpc-04b5775cafb112ecd"
          },
          "sensitive_attributes": [],
          "private": "eyJlMmJmYjczMC1lY2FhLTExZTYtOGY4OC0zNDM2M2JjN2M0YzAiOnsiY3JlYXRlIjo2MDAwMDAwMDAwMDAsImRlbGV0ZSI6MTIwMDAwMDAwMDAwMH0sInNjaGVtYV92ZXJzaW9uIjoiMSJ9",
          "dependencies": [
            "module.vpc-module.aws_vpc.vpc"
          ]
        },
        {
          "index_key": 1,
          "schema_version": 1,
          "attributes": {
            "arn": "arn:aws:ec2:us-east-1:826664998433:subnet/subnet-039e5d609f9e8feee",
            "assign_ipv6_address_on_creation": false,
            "availability_zone": "us-east-1b",
            "availability_zone_id": "use1-az1",
            "cidr_block": "10.0.144.0/20",
            "customer_owned_ipv4_pool": "",
            "enable_dns64": false,
            "enable_resource_name_dns_a_record_on_launch": false,
            "enable_resource_name_dns_aaaa_record_on_launch": false,
            "id": "subnet-039e5d609f9e8feee",
            "ipv6_cidr_block": "",
            "ipv6_cidr_block_association_id": "",
            "ipv6_native": false,
            "map_customer_owned_ip_on_launch": false,
            "map_public_ip_on_launch": false,
            "outpost_arn": "",
            "owner_id": "826664998433",
            "private_dns_hostname_type_on_launch": "ip-name",
            "tags": {
              "Name": "us-east-1b-private-subnet+1"
            },
            "tags_all": {
              "Name": "us-east-1b-private-subnet+1"
            },
            "timeouts": null,
            "vpc_id": "vpc-04b5775cafb112ecd"
          },
          "sensitive_attributes": [],
          "private": "eyJlMmJmYjczMC1lY2FhLTExZTYtOGY4OC0zNDM2M2JjN2M0YzAiOnsiY3JlYXRlIjo2MDAwMDAwMDAwMDAsImRlbGV0ZSI6MTIwMDAwMDAwMDAwMH0sInNjaGVtYV92ZXJzaW9uIjoiMSJ9",
          "dependencies": [
            "module.vpc-module.aws_vpc.vpc"
          ]
        },
        {
          "index_key": 2,
          "schema_version": 1,
          "attributes": {
            "arn": "arn:aws:ec2:us-east-1:826664998433:subnet/subnet-08d8e66f2ba6eca21",
            "assign_ipv6_address_on_creation": false,
            "availability_zone": "us-east-1c",
            "availability_zone_id": "use1-az2",
            "cidr_block": "10.0.160.0/20",
            "customer_owned_ipv4_pool": "",
            "enable_dns64": false,
            "enable_resource_name_dns_a_record_on_launch": false,
            "enable_resource_name_dns_aaaa_record_on_launch": false,
            "id": "subnet-08d8e66f2ba6eca21",
            "ipv6_cidr_block": "",
            "ipv6_cidr_block_association_id": "",
            "ipv6_native": false,
            "map_customer_owned_ip_on_launch": false,
            "map_public_ip_on_launch": false,
            "outpost_arn": "",
            "owner_id": "826664998433",
            "private_dns_hostname_type_on_launch": "ip-name",
            "tags": {
              "Name": "us-east-1c-private-subnet+1"
            },
            "tags_all": {
              "Name": "us-east-1c-private-subnet+1"
            },
            "timeouts": null,
            "vpc_id": "vpc-04b5775cafb112ecd"
          },
          "sensitive_attributes": [],
          "private": "eyJlMmJmYjczMC1lY2FhLTExZTYtOGY4OC0zNDM2M2JjN2M0YzAiOnsiY3JlYXRlIjo2MDAwMDAwMDAwMDAsImRlbGV0ZSI6MTIwMDAwMDAwMDAwMH0sInNjaGVtYV92ZXJzaW9uIjoiMSJ9",
          "dependencies": [
            "module.vpc-module.aws_vpc.vpc"
          ]
        }
      ]
    },
    {
      "module": "module.vpc-module",
      "mode": "managed",
      "type": "aws_subnet",
      "name": "public_subnet",
      "provider": "module.vpc-module.provider[\"registry.terraform.io/hashicorp/aws\"]",
      "instances": [
        {
          "index_key": 0,
          "schema_version": 1,
          "attributes": {
            "arn": "arn:aws:ec2:us-east-1:826664998433:subnet/subnet-022957739efc8bc81",
            "assign_ipv6_address_on_creation": false,
            "availability_zone": "us-east-1a",
            "availability_zone_id": "use1-az6",
            "cidr_block": "10.0.0.0/20",
            "customer_owned_ipv4_pool": "",
            "enable_dns64": false,
            "enable_resource_name_dns_a_record_on_launch": false,
            "enable_resource_name_dns_aaaa_record_on_launch": false,
            "id": "subnet-022957739efc8bc81",
            "ipv6_cidr_block": "",
            "ipv6_cidr_block_association_id": "",
            "ipv6_native": false,
            "map_customer_owned_ip_on_launch": false,
            "map_public_ip_on_launch": true,
            "outpost_arn": "",
            "owner_id": "826664998433",
            "private_dns_hostname_type_on_launch": "ip-name",
            "tags": {
              "Name": "us-east-1a-public-subnet+1"
            },
            "tags_all": {
              "Name": "us-east-1a-public-subnet+1"
            },
            "timeouts": null,
            "vpc_id": "vpc-04b5775cafb112ecd"
          },
          "sensitive_attributes": [],
          "private": "eyJlMmJmYjczMC1lY2FhLTExZTYtOGY4OC0zNDM2M2JjN2M0YzAiOnsiY3JlYXRlIjo2MDAwMDAwMDAwMDAsImRlbGV0ZSI6MTIwMDAwMDAwMDAwMH0sInNjaGVtYV92ZXJzaW9uIjoiMSJ9",
          "dependencies": [
            "module.vpc-module.aws_vpc.vpc"
          ]
        },
        {
          "index_key": 1,
          "schema_version": 1,
          "attributes": {
            "arn": "arn:aws:ec2:us-east-1:826664998433:subnet/subnet-0a039cf38f77f5231",
            "assign_ipv6_address_on_creation": false,
            "availability_zone": "us-east-1b",
            "availability_zone_id": "use1-az1",
            "cidr_block": "10.0.16.0/20",
            "customer_owned_ipv4_pool": "",
            "enable_dns64": false,
            "enable_resource_name_dns_a_record_on_launch": false,
            "enable_resource_name_dns_aaaa_record_on_launch": false,
            "id": "subnet-0a039cf38f77f5231",
            "ipv6_cidr_block": "",
            "ipv6_cidr_block_association_id": "",
            "ipv6_native": false,
            "map_customer_owned_ip_on_launch": false,
            "map_public_ip_on_launch": true,
            "outpost_arn": "",
            "owner_id": "826664998433",
            "private_dns_hostname_type_on_launch": "ip-name",
            "tags": {
              "Name": "us-east-1b-public-subnet+1"
            },
            "tags_all": {
              "Name": "us-east-1b-public-subnet+1"
            },
            "timeouts": null,
            "vpc_id": "vpc-04b5775cafb112ecd"
          },
          "sensitive_attributes": [],
          "private": "eyJlMmJmYjczMC1lY2FhLTExZTYtOGY4OC0zNDM2M2JjN2M0YzAiOnsiY3JlYXRlIjo2MDAwMDAwMDAwMDAsImRlbGV0ZSI6MTIwMDAwMDAwMDAwMH0sInNjaGVtYV92ZXJzaW9uIjoiMSJ9",
          "dependencies": [
            "module.vpc-module.aws_vpc.vpc"
          ]
        },
        {
          "index_key": 2,
          "schema_version": 1,
          "attributes": {
            "arn": "arn:aws:ec2:us-east-1:826664998433:subnet/subnet-0ec00487bf5554cca",
            "assign_ipv6_address_on_creation": false,
            "availability_zone": "us-east-1c",
            "availability_zone_id": "use1-az2",
            "cidr_block": "10.0.32.0/20",
            "customer_owned_ipv4_pool": "",
            "enable_dns64": false,
            "enable_resource_name_dns_a_record_on_launch": false,
            "enable_resource_name_dns_aaaa_record_on_launch": false,
            "id": "subnet-0ec00487bf5554cca",
            "ipv6_cidr_block": "",
            "ipv6_cidr_block_association_id": "",
            "ipv6_native": false,
            "map_customer_owned_ip_on_launch": false,
            "map_public_ip_on_launch": true,
            "outpost_arn": "",
            "owner_id": "826664998433",
            "private_dns_hostname_type_on_launch": "ip-name",
            "tags": {
              "Name": "us-east-1c-public-subnet+1"
            },
            "tags_all": {
              "Name": "us-east-1c-public-subnet+1"
            },
            "timeouts": null,
            "vpc_id": "vpc-04b5775cafb112ecd"
          },
          "sensitive_attributes": [],
          "private": "eyJlMmJmYjczMC1lY2FhLTExZTYtOGY4OC0zNDM2M2JjN2M0YzAiOnsiY3JlYXRlIjo2MDAwMDAwMDAwMDAsImRlbGV0ZSI6MTIwMDAwMDAwMDAwMH0sInNjaGVtYV92ZXJzaW9uIjoiMSJ9",
          "dependencies": [
            "module.vpc-module.aws_vpc.vpc"
          ]
        }
      ]
    },
    {
      "module": "module.vpc-module",
      "mode": "managed",
      "type": "aws_vpc",
      "name": "vpc",
      "provider": "module.vpc-module.provider[\"registry.terraform.io/hashicorp/aws\"]",
      "instances": [
        {
          "schema_version": 1,
          "attributes": {
            "arn": "arn:aws:ec2:us-east-1:826664998433:vpc/vpc-04b5775cafb112ecd",
            "assign_generated_ipv6_cidr_block": false,
            "cidr_block": "10.0.0.0/16",
            "default_network_acl_id": "acl-0791a6fd4c1f3819a",
            "default_route_table_id": "rtb-0c867b192284dc9bb",
            "default_security_group_id": "sg-0def3377b64153441",
            "dhcp_options_id": "dopt-0874b16ff377f5fc1",
            "enable_classiclink": false,
            "enable_classiclink_dns_support": false,
            "enable_dns_hostnames": true,
            "enable_dns_support": true,
            "id": "vpc-04b5775cafb112ecd",
            "instance_tenancy": "default",
            "ipv4_ipam_pool_id": null,
            "ipv4_netmask_length": null,
            "ipv6_association_id": "",
            "ipv6_cidr_block": "",
            "ipv6_cidr_block_network_border_group": "",
            "ipv6_ipam_pool_id": "",
            "ipv6_netmask_length": 0,
            "main_route_table_id": "rtb-0c867b192284dc9bb",
            "owner_id": "826664998433",
            "tags": {
              "Name": "myVPC+1"
            },
            "tags_all": {
              "Name": "myVPC+1"
            }
          },
          "sensitive_attributes": [],
          "private": "eyJzY2hlbWFfdmVyc2lvbiI6IjEifQ=="
        }
      ]
    }
  ]
}
