{
  "version": 4,
  "terraform_version": "1.2.4",
  "serial": 175,
  "lineage": "61cb2ade-e683-b297-f9b2-680c711f65d8",
  "outputs": {},
  "resources": [
    {
      "module": "module.vpc-module",
      "mode": "managed",
      "type": "aws_vpc",
      "name": "vpc",
      "provider": "module.vpc-module.provider[\"registry.terraform.io/hashicorp/aws\"]",
      "instances": [
        {
          "schema_version": 1,
          "attributes": {
            "arn": "arn:aws:ec2:ap-south-1:537064189997:vpc/vpc-0dcc0f3f9932a6a50",
            "assign_generated_ipv6_cidr_block": false,
            "cidr_block": "10.1.0.0/16",
            "default_network_acl_id": "acl-0e759a505d6ae960f",
            "default_route_table_id": "rtb-0a78a8a15205b9afe",
            "default_security_group_id": "sg-0b3344c2c959c8344",
            "dhcp_options_id": "dopt-0e50a49227e7bb29d",
            "enable_classiclink": false,
            "enable_classiclink_dns_support": false,
            "enable_dns_hostnames": true,
            "enable_dns_support": true,
            "id": "vpc-0dcc0f3f9932a6a50",
            "instance_tenancy": "default",
            "ipv4_ipam_pool_id": null,
            "ipv4_netmask_length": null,
            "ipv6_association_id": "",
            "ipv6_cidr_block": "",
            "ipv6_cidr_block_network_border_group": "",
            "ipv6_ipam_pool_id": "",
            "ipv6_netmask_length": 0,
            "main_route_table_id": "rtb-0a78a8a15205b9afe",
            "owner_id": "537064189997",
            "tags": {
              "Name": "test-myVPC-ind"
            },
            "tags_all": {
              "Name": "test-myVPC-ind"
            }
          },
          "sensitive_attributes": [],
          "private": "eyJzY2hlbWFfdmVyc2lvbiI6IjEifQ=="
        }
      ]
    }
  ]
}
